// !$*UTF8*$!
{
	archiveVersion = 1;
	classes = {
	};
	objectVersion = 46;
	objects = {

/* Begin PBXFileReference section */
		A7650B951C8FD88E00EB165B /* Juego de Memoria.playground */ = {isa = PBXFileReference; lastKnownFileType = file.playground; path = "Juego de Memoria.playground"; sourceTree = "<group>"; };
		A7650B961C8FD8E600EB165B /* Juego de Memoria.swift */ = {isa = PBXFileReference; lastKnownFileType = sourcecode.swift; path = "Juego de Memoria.swift"; sourceTree = "<group>"; };
/* End PBXFileReference section */

/* Begin PBXGroup section */
		A7650B8E1C8FD87A00EB165B = {
			isa = PBXGroup;
			children = (
				A7650B961C8FD8E600EB165B /* Juego de Memoria.swift */,
				A7650B951C8FD88E00EB165B /* Juego de Memoria.playground */,
			);
			sourceTree = "<group>";
		};
/* End PBXGroup section */

/* Begin PBXProject section */
		A7650B8F1C8FD87A00EB165B /* Project object */ = {
			isa = PBXProject;
			attributes = {
				LastUpgradeCheck = 0730;
			};
			buildConfigurationList = A7650B921C8FD87A00EB165B /* Build configuration list for PBXProject "Juego de Memoria" */;
			compatibilityVersion = "Xcode 3.2";
			developmentRegion = English;
			hasScannedForEncodings = 0;
			knownRegions = (
				en,
			);
			mainGroup = A7650B8E1C8FD87A00EB165B;
			projectDirPath = "";
			projectRoot = "";
			targets = (
			);
		};
/* End PBXProject section */

/* Begin XCBuildConfiguration section */
		A7650B931C8FD87A00EB165B /* Debug */ = {
			isa = XCBuildConfiguration;
			buildSettings = {
			};
			name = Debug;
		};
		A7650B941C8FD87A00EB165B /* Release */ = {
			isa = XCBuildConfiguration;
			buildSettings = {
			};
			name = Release;
		};
/* End XCBuildConfiguration section */

/* Begin XCConfigurationList section */
		A7650B921C8FD87A00EB165B /* Build configuration list for PBXProject "Juego de Memoria" */ = {
			isa = XCConfigurationList;
			buildConfigurations = (
				A7650B931C8FD87A00EB165B /* Debug */,
				A7650B941C8FD87A00EB165B /* Release */,
			);
			defaultConfigurationIsVisible = 0;
			defaultConfigurationName = Release;
		};
/* End XCConfigurationList section */
	};
	rootObject = A7650B8F1C8FD87A00EB165B /* Project object */;
}
